<Solution>
  <Folder Name="/src/">
    <Project Path="src/Sonata.Avalonia.Hosting/Sonata.Avalonia.Hosting.csproj" />
    <Project Path="src/Sonata.Avalonia.StyletIoC/Sonata.Avalonia.StyletIoC.csproj" />
    <Project Path="src/Sonata.Avalonia/Sonata.Avalonia.csproj" />
  </Folder>
  <Folder Name="/tests/">
    <Project Path="tests/Sonata.Avalonia.Headless.Tests/Sonata.Avalonia.Headless.Tests.csproj" />
    <Project Path="tests/Sonata.Avalonia.Tests/Sonata.Avalonia.Tests.csproj" />
  </Folder>
  <Folder Name="/samples/">
    <Project Path="samples/Sonata.Samples.DryIoC/Sonata.Samples.DryIoC.csproj" />
    <Project Path="samples/Sonata.Samples.Hello/Sonata.Samples.Hello.csproj" />
    <Project Path="samples/Sonata.Samples.HelloDialog/Sonata.Samples.HelloDialog.csproj" />
    <Project Path="samples/Sonata.Samples.MasterDetail/Sonata.Samples.MasterDetail.csproj" />
    <Project Path="samples/Sonata.Samples.MSIoC/Sonata.Samples.MSIoC.csproj" />
  </Folder>
</Solution>
